PODS:
  - Flutter (1.0.0)
  - flutter_estimote (0.0.1):
    - Flutter

DEPENDENCIES:
  - Flutter (from `Flutter`)
  - flutter_estimote (from `.symlinks/plugins/flutter_estimote/ios`)

EXTERNAL SOURCES:
  Flutter:
    :path: Flutter
  flutter_estimote:
    :path: ".symlinks/plugins/flutter_estimote/ios"

SPEC CHECKSUMS:
  Flutter: 50d75fe2f02b26cc09d224853bb45737f8b3214a
  flutter_estimote: cbc5ce43ec19f7994bc4bb966aef00dd39f7aec3

PODFILE CHECKSUM: aafe91acc616949ddb318b77800a7f51bffa2a4c

COCOAPODS: 1.11.3
